
Microsoft Visual Studio Solution File, Format Version 12.00
# Visual Studio Version 16
VisualStudioVersion = 16.0.30011.22
MinimumVisualStudioVersion = 10.0.40219.1
Project("{FAE04EC0-301F-11D3-BF4B-00C04F79EFBC}") = "JsReportAspNetCore", "JsReportAspNetCore\JsReportAspNetCore.csproj", "{A156FC39-3494-4214-8BA5-091EB6E9FFBA}"
EndProject
Global
	GlobalSection(SolutionConfigurationPlatforms) = preSolution
		Debug|Any CPU = Debug|Any CPU
		Release|Any CPU = Release|Any CPU
	EndGlobalSection
	GlobalSection(ProjectConfigurationPlatforms) = postSolution
		{A156FC39-3494-4214-8BA5-091EB6E9FFBA}.Debug|Any CPU.ActiveCfg = Debug|Any CPU
		{A156FC39-3494-4214-8BA5-091EB6E9FFBA}.Debug|Any CPU.Build.0 = Debug|Any CPU
		{A156FC39-3494-4214-8BA5-091EB6E9FFBA}.Release|Any CPU.ActiveCfg = Release|Any CPU
		{A156FC39-3494-4214-8BA5-091EB6E9FFBA}.Release|Any CPU.Build.0 = Release|Any CPU
	EndGlobalSection
	GlobalSection(SolutionProperties) = preSolution
		HideSolutionNode = FALSE
	EndGlobalSection
	GlobalSection(ExtensibilityGlobals) = postSolution
		SolutionGuid = {968742A5-A418-4FF1-8FBE-ABF9B8E1EF78}
	EndGlobalSection
EndGlobal
